// !$*UTF8*$!
{
	archiveVersion = 1;
	classes = {
	};
	objectVersion = 50;
	objects = {

/* Begin PBXBuildFile section */
		2833352A254F8C81001002AF /* MoodApp.swift in Sources */ = {isa = PBXBuildFile; fileRef = 28333529254F8C81001002AF /* MoodApp.swift */; };
		2833352C254F8C81001002AF /* ContentView.swift in Sources */ = {isa = PBXBuildFile; fileRef = 2833352B254F8C81001002AF /* ContentView.swift */; };
		2833352E254F8C82001002AF /* Assets.xcassets in Resources */ = {isa = PBXBuildFile; fileRef = 2833352D254F8C82001002AF /* Assets.xcassets */; };
		28333531254F8C82001002AF /* Preview Assets.xcassets in Resources */ = {isa = PBXBuildFile; fileRef = 28333530254F8C82001002AF /* Preview Assets.xcassets */; };
		2833353A254FB882001002AF /* SwiftyMoji.swift in Sources */ = {isa = PBXBuildFile; fileRef = 28333539254FB882001002AF /* SwiftyMoji.swift */; };
		2833353D255070E2001002AF /* Eyes.swift in Sources */ = {isa = PBXBuildFile; fileRef = 2833353C255070E2001002AF /* Eyes.swift */; };
		283335412551B7A8001002AF /* Mouth.swift in Sources */ = {isa = PBXBuildFile; fileRef = 283335402551B7A8001002AF /* Mouth.swift */; };
/* End PBXBuildFile section */

/* Begin PBXFileReference section */
		282766AE25C0A51A00917398 /* README.md */ = {isa = PBXFileReference; lastKnownFileType = net.daringfireball.markdown; path = README.md; sourceTree = "<group>"; xcLanguageSpecificationIdentifier = xcode.lang.markdown; };
		282766AF25C0A81300917398 /* .gitignore */ = {isa = PBXFileReference; lastKnownFileType = text; path = .gitignore; sourceTree = "<group>"; };
		282766B025C0A8AB00917398 /* LICENSE */ = {isa = PBXFileReference; lastKnownFileType = text; path = LICENSE; sourceTree = "<group>"; };
		282766B325C0A96000917398 /* GoodMood.png */ = {isa = PBXFileReference; lastKnownFileType = image.png; path = GoodMood.png; sourceTree = "<group>"; };
		28333526254F8C81001002AF /* Mood.app */ = {isa = PBXFileReference; explicitFileType = wrapper.application; includeInIndex = 0; path = Mood.app; sourceTree = BUILT_PRODUCTS_DIR; };
		28333529254F8C81001002AF /* MoodApp.swift */ = {isa = PBXFileReference; lastKnownFileType = sourcecode.swift; path = MoodApp.swift; sourceTree = "<group>"; };
		2833352B254F8C81001002AF /* ContentView.swift */ = {isa = PBXFileReference; lastKnownFileType = sourcecode.swift; path = ContentView.swift; sourceTree = "<group>"; };
		2833352D254F8C82001002AF /* Assets.xcassets */ = {isa = PBXFileReference; lastKnownFileType = folder.assetcatalog; path = Assets.xcassets; sourceTree = "<group>"; };
		28333530254F8C82001002AF /* Preview Assets.xcassets */ = {isa = PBXFileReference; lastKnownFileType = folder.assetcatalog; path = "Preview Assets.xcassets"; sourceTree = "<group>"; };
		28333532254F8C82001002AF /* Info.plist */ = {isa = PBXFileReference; lastKnownFileType = text.plist.xml; path = Info.plist; sourceTree = "<group>"; };
		28333539254FB882001002AF /* SwiftyMoji.swift */ = {isa = PBXFileReference; lastKnownFileType = sourcecode.swift; path = SwiftyMoji.swift; sourceTree = "<group>"; };
		2833353C255070E2001002AF /* Eyes.swift */ = {isa = PBXFileReference; lastKnownFileType = sourcecode.swift; path = Eyes.swift; sourceTree = "<group>"; };
		283335402551B7A8001002AF /* Mouth.swift */ = {isa = PBXFileReference; lastKnownFileType = sourcecode.swift; path = Mouth.swift; sourceTree = "<group>"; };
/* End PBXFileReference section */

/* Begin PBXFrameworksBuildPhase section */
		28333523254F8C81001002AF /* Frameworks */ = {
			isa = PBXFrameworksBuildPhase;
			buildActionMask = 2147483647;
			files = (
			);
			runOnlyForDeploymentPostprocessing = 0;
		};
/* End PBXFrameworksBuildPhase section */

/* Begin PBXGroup section */
		2833351D254F8C81001002AF = {
			isa = PBXGroup;
			children = (
				282766B325C0A96000917398 /* GoodMood.png */,
				282766B025C0A8AB00917398 /* LICENSE */,
				282766AF25C0A81300917398 /* .gitignore */,
				282766AE25C0A51A00917398 /* README.md */,
				28333528254F8C81001002AF /* Mood */,
				28333527254F8C81001002AF /* Products */,
			);
			sourceTree = "<group>";
		};
		28333527254F8C81001002AF /* Products */ = {
			isa = PBXGroup;
			children = (
				28333526254F8C81001002AF /* Mood.app */,
			);
			name = Products;
			sourceTree = "<group>";
		};
		28333528254F8C81001002AF /* Mood */ = {
			isa = PBXGroup;
			children = (
				28333529254F8C81001002AF /* MoodApp.swift */,
				2833352B254F8C81001002AF /* ContentView.swift */,
				2833352D254F8C82001002AF /* Assets.xcassets */,
				28333532254F8C82001002AF /* Info.plist */,
				2833352F254F8C82001002AF /* Preview Content */,
				28333539254FB882001002AF /* SwiftyMoji.swift */,
				2833353C255070E2001002AF /* Eyes.swift */,
				283335402551B7A8001002AF /* Mouth.swift */,
			);
			path = Mood;
			sourceTree = "<group>";
		};
		2833352F254F8C82001002AF /* Preview Content */ = {
			isa = PBXGroup;
			children = (
				28333530254F8C82001002AF /* Preview Assets.xcassets */,
			);
			path = "Preview Content";
			sourceTree = "<group>";
		};
/* End PBXGroup section */

/* Begin PBXNativeTarget section */
		28333525254F8C81001002AF /* Mood */ = {
			isa = PBXNativeTarget;
			buildConfigurationList = 28333535254F8C82001002AF /* Build configuration list for PBXNativeTarget "Mood" */;
			buildPhases = (
				28333522254F8C81001002AF /* Sources */,
				28333523254F8C81001002AF /* Frameworks */,
				28333524254F8C81001002AF /* Resources */,
			);
			buildRules = (
			);
			dependencies = (
			);
			name = Mood;
			productName = Mood;
			productReference = 28333526254F8C81001002AF /* Mood.app */;
			productType = "com.apple.product-type.application";
		};
/* End PBXNativeTarget section */

/* Begin PBXProject section */
		2833351E254F8C81001002AF /* Project object */ = {
			isa = PBXProject;
			attributes = {
				LastSwiftUpdateCheck = 1200;
				LastUpgradeCheck = 1200;
				TargetAttributes = {
					28333525254F8C81001002AF = {
						CreatedOnToolsVersion = 12.0.1;
					};
				};
			};
			buildConfigurationList = 28333521254F8C81001002AF /* Build configuration list for PBXProject "Mood" */;
			compatibilityVersion = "Xcode 9.3";
			developmentRegion = en;
			hasScannedForEncodings = 0;
			knownRegions = (
				en,
				Base,
			);
			mainGroup = 2833351D254F8C81001002AF;
			productRefGroup = 28333527254F8C81001002AF /* Products */;
			projectDirPath = "";
			projectRoot = "";
			targets = (
				28333525254F8C81001002AF /* Mood */,
			);
		};
/* End PBXProject section */

/* Begin PBXResourcesBuildPhase section */
		28333524254F8C81001002AF /* Resources */ = {
			isa = PBXResourcesBuildPhase;
			buildActionMask = 2147483647;
			files = (
				28333531254F8C82001002AF /* Preview Assets.xcassets in Resources */,
				2833352E254F8C82001002AF /* Assets.xcassets in Resources */,
			);
			runOnlyForDeploymentPostprocessing = 0;
		};
/* End PBXResourcesBuildPhase section */

/* Begin PBXSourcesBuildPhase section */
		28333522254F8C81001002AF /* Sources */ = {
			isa = PBXSourcesBuildPhase;
			buildActionMask = 2147483647;
			files = (
				2833352C254F8C81001002AF /* ContentView.swift in Sources */,
				2833352A254F8C81001002AF /* MoodApp.swift in Sources */,
				2833353A254FB882001002AF /* SwiftyMoji.swift in Sources */,
				2833353D255070E2001002AF /* Eyes.swift in Sources */,
				283335412551B7A8001002AF /* Mouth.swift in Sources */,
			);
			runOnlyForDeploymentPostprocessing = 0;
		};
/* End PBXSourcesBuildPhase section */

/* Begin XCBuildConfiguration section */
		28333533254F8C82001002AF /* Debug */ = {
			isa = XCBuildConfiguration;
			buildSettings = {
				ALWAYS_SEARCH_USER_PATHS = NO;
				CLANG_ANALYZER_NONNULL = YES;
				CLANG_ANALYZER_NUMBER_OBJECT_CONVERSION = YES_AGGRESSIVE;
				CLANG_CXX_LANGUAGE_STANDARD = "gnu++14";
				CLANG_CXX_LIBRARY = "libc++";
				CLANG_ENABLE_MODULES = YES;
				CLANG_ENABLE_OBJC_ARC = YES;
				CLANG_ENABLE_OBJC_WEAK = YES;
				CLANG_WARN_BLOCK_CAPTURE_AUTORELEASING = YES;
				CLANG_WARN_BOOL_CONVERSION = YES;
				CLANG_WARN_COMMA = YES;
				CLANG_WARN_CONSTANT_CONVERSION = YES;
				CLANG_WARN_DEPRECATED_OBJC_IMPLEMENTATIONS = YES;
				CLANG_WARN_DIRECT_OBJC_ISA_USAGE = YES_ERROR;
				CLANG_WARN_DOCUMENTATION_COMMENTS = YES;
				CLANG_WARN_EMPTY_BODY = YES;
				CLANG_WARN_ENUM_CONVERSION = YES;
				CLANG_WARN_INFINITE_RECURSION = YES;
				CLANG_WARN_INT_CONVERSION = YES;
				CLANG_WARN_NON_LITERAL_NULL_CONVERSION = YES;
				CLANG_WARN_OBJC_IMPLICIT_RETAIN_SELF = YES;
				CLANG_WARN_OBJC_LITERAL_CONVERSION = YES;
				CLANG_WARN_OBJC_ROOT_CLASS = YES_ERROR;
				CLANG_WARN_QUOTED_INCLUDE_IN_FRAMEWORK_HEADER = YES;
				CLANG_WARN_RANGE_LOOP_ANALYSIS = YES;
				CLANG_WARN_STRICT_PROTOTYPES = YES;
				CLANG_WARN_SUSPICIOUS_MOVE = YES;
				CLANG_WARN_UNGUARDED_AVAILABILITY = YES_AGGRESSIVE;
				CLANG_WARN_UNREACHABLE_CODE = YES;
				CLANG_WARN__DUPLICATE_METHOD_MATCH = YES;
				COPY_PHASE_STRIP = NO;
				DEBUG_INFORMATION_FORMAT = dwarf;
				ENABLE_STRICT_OBJC_MSGSEND = YES;
				ENABLE_TESTABILITY = YES;
				GCC_C_LANGUAGE_STANDARD = gnu11;
				GCC_DYNAMIC_NO_PIC = NO;
				GCC_NO_COMMON_BLOCKS = YES;
				GCC_OPTIMIZATION_LEVEL = 0;
				GCC_PREPROCESSOR_DEFINITIONS = (
					"DEBUG=1",
					"$(inherited)",
				);
				GCC_WARN_64_TO_32_BIT_CONVERSION = YES;
				GCC_WARN_ABOUT_RETURN_TYPE = YES_ERROR;
				GCC_WARN_UNDECLARED_SELECTOR = YES;
				GCC_WARN_UNINITIALIZED_AUTOS = YES_AGGRESSIVE;
				GCC_WARN_UNUSED_FUNCTION = YES;
				GCC_WARN_UNUSED_VARIABLE = YES;
				IPHONEOS_DEPLOYMENT_TARGET = 14.0;
				MTL_ENABLE_DEBUG_INFO = INCLUDE_SOURCE;
				MTL_FAST_MATH = YES;
				ONLY_ACTIVE_ARCH = YES;
				SDKROOT = iphoneos;
				SWIFT_ACTIVE_COMPILATION_CONDITIONS = DEBUG;
				SWIFT_OPTIMIZATION_LEVEL = "-Onone";
			};
			name = Debug;
		};
		28333534254F8C82001002AF /* Release */ = {
			isa = XCBuildConfiguration;
			buildSettings = {
				ALWAYS_SEARCH_USER_PATHS = NO;
				CLANG_ANALYZER_NONNULL = YES;
				CLANG_ANALYZER_NUMBER_OBJECT_CONVERSION = YES_AGGRESSIVE;
				CLANG_CXX_LANGUAGE_STANDARD = "gnu++14";
				CLANG_CXX_LIBRARY = "libc++";
				CLANG_ENABLE_MODULES = YES;
				CLANG_ENABLE_OBJC_ARC = YES;
				CLANG_ENABLE_OBJC_WEAK = YES;
				CLANG_WARN_BLOCK_CAPTURE_AUTORELEASING = YES;
				CLANG_WARN_BOOL_CONVERSION = YES;
				CLANG_WARN_COMMA = YES;
				CLANG_WARN_CONSTANT_CONVERSION = YES;
				CLANG_WARN_DEPRECATED_OBJC_IMPLEMENTATIONS = YES;
				CLANG_WARN_DIRECT_OBJC_ISA_USAGE = YES_ERROR;
				CLANG_WARN_DOCUMENTATION_COMMENTS = YES;
				CLANG_WARN_EMPTY_BODY = YES;
				CLANG_WARN_ENUM_CONVERSION = YES;
				CLANG_WARN_INFINITE_RECURSION = YES;
				CLANG_WARN_INT_CONVERSION = YES;
				CLANG_WARN_NON_LITERAL_NULL_CONVERSION = YES;
				CLANG_WARN_OBJC_IMPLICIT_RETAIN_SELF = YES;
				CLANG_WARN_OBJC_LITERAL_CONVERSION = YES;
				CLANG_WARN_OBJC_ROOT_CLASS = YES_ERROR;
				CLANG_WARN_QUOTED_INCLUDE_IN_FRAMEWORK_HEADER = YES;
				CLANG_WARN_RANGE_LOOP_ANALYSIS = YES;
				CLANG_WARN_STRICT_PROTOTYPES = YES;
				CLANG_WARN_SUSPICIOUS_MOVE = YES;
				CLANG_WARN_UNGUARDED_AVAILABILITY = YES_AGGRESSIVE;
				CLANG_WARN_UNREACHABLE_CODE = YES;
				CLANG_WARN__DUPLICATE_METHOD_MATCH = YES;
				COPY_PHASE_STRIP = NO;
				DEBUG_INFORMATION_FORMAT = "dwarf-with-dsym";
				ENABLE_NS_ASSERTIONS = NO;
				ENABLE_STRICT_OBJC_MSGSEND = YES;
				GCC_C_LANGUAGE_STANDARD = gnu11;
				GCC_NO_COMMON_BLOCKS = YES;
				GCC_WARN_64_TO_32_BIT_CONVERSION = YES;
				GCC_WARN_ABOUT_RETURN_TYPE = YES_ERROR;
				GCC_WARN_UNDECLARED_SELECTOR = YES;
				GCC_WARN_UNINITIALIZED_AUTOS = YES_AGGRESSIVE;
				GCC_WARN_UNUSED_FUNCTION = YES;
				GCC_WARN_UNUSED_VARIABLE = YES;
				IPHONEOS_DEPLOYMENT_TARGET = 14.0;
				MTL_ENABLE_DEBUG_INFO = NO;
				MTL_FAST_MATH = YES;
				SDKROOT = iphoneos;
				SWIFT_COMPILATION_MODE = wholemodule;
				SWIFT_OPTIMIZATION_LEVEL = "-O";
				VALIDATE_PRODUCT = YES;
			};
			name = Release;
		};
		28333536254F8C82001002AF /* Debug */ = {
			isa = XCBuildConfiguration;
			buildSettings = {
				ASSETCATALOG_COMPILER_APPICON_NAME = AppIcon;
				ASSETCATALOG_COMPILER_GLOBAL_ACCENT_COLOR_NAME = AccentColor;
				CODE_SIGN_STYLE = Automatic;
				DEVELOPMENT_ASSET_PATHS = "\"Mood/Preview Content\"";
				ENABLE_PREVIEWS = YES;
				INFOPLIST_FILE = Mood/Info.plist;
				IPHONEOS_DEPLOYMENT_TARGET = 14.0;
				LD_RUNPATH_SEARCH_PATHS = (
					"$(inherited)",
					"@executable_path/Frameworks",
				);
				PRODUCT_BUNDLE_IDENTIFIER = us.drinnovations.Mood;
				PRODUCT_NAME = "$(TARGET_NAME)";
				SWIFT_VERSION = 5.0;
				TARGETED_DEVICE_FAMILY = "1,2";
			};
			name = Debug;
		};
		28333537254F8C82001002AF /* Release */ = {
			isa = XCBuildConfiguration;
			buildSettings = {
				ASSETCATALOG_COMPILER_APPICON_NAME = AppIcon;
				ASSETCATALOG_COMPILER_GLOBAL_ACCENT_COLOR_NAME = AccentColor;
				CODE_SIGN_STYLE = Automatic;
				DEVELOPMENT_ASSET_PATHS = "\"Mood/Preview Content\"";
				ENABLE_PREVIEWS = YES;
				INFOPLIST_FILE = Mood/Info.plist;
				IPHONEOS_DEPLOYMENT_TARGET = 14.0;
				LD_RUNPATH_SEARCH_PATHS = (
					"$(inherited)",
					"@executable_path/Frameworks",
				);
				PRODUCT_BUNDLE_IDENTIFIER = us.drinnovations.Mood;
				PRODUCT_NAME = "$(TARGET_NAME)";
				SWIFT_VERSION = 5.0;
				TARGETED_DEVICE_FAMILY = "1,2";
			};
			name = Release;
		};
/* End XCBuildConfiguration section */

/* Begin XCConfigurationList section */
		28333521254F8C81001002AF /* Build configuration list for PBXProject "Mood" */ = {
			isa = XCConfigurationList;
			buildConfigurations = (
				28333533254F8C82001002AF /* Debug */,
				28333534254F8C82001002AF /* Release */,
			);
			defaultConfigurationIsVisible = 0;
			defaultConfigurationName = Release;
		};
		28333535254F8C82001002AF /* Build configuration list for PBXNativeTarget "Mood" */ = {
			isa = XCConfigurationList;
			buildConfigurations = (
				28333536254F8C82001002AF /* Debug */,
				28333537254F8C82001002AF /* Release */,
			);
			defaultConfigurationIsVisible = 0;
			defaultConfigurationName = Release;
		};
/* End XCConfigurationList section */
	};
	rootObject = 2833351E254F8C81001002AF /* Project object */;
}
